
Microsoft Visual Studio Solution File, Format Version 12.00
# Visual Studio Version 17
VisualStudioVersion = 17.11.35312.102
MinimumVisualStudioVersion = 10.0.40219.1
Project("{FAE04EC0-301F-11D3-BF4B-00C04F79EFBC}") = "PRM392_Backend.API", "PRM392_Backend.API\PRM392_Backend.API.csproj", "{61107F5A-E9BC-4D37-B9F5-EEBCEBC86BA5}"
EndProject
Project("{FAE04EC0-301F-11D3-BF4B-00C04F79EFBC}") = "PRM392_Backend.Service", "PRM392_Backend.Service\PRM392_Backend.Service.csproj", "{4D472E55-B859-4157-89E5-03EEDB81AA9B}"
EndProject
Project("{FAE04EC0-301F-11D3-BF4B-00C04F79EFBC}") = "PRM392_Backend.Domain", "PRM392_Backend.Domain\PRM392_Backend.Domain.csproj", "{4BF515FB-15FE-40ED-BE85-EED43A3E920B}"
EndProject
Project("{FAE04EC0-301F-11D3-BF4B-00C04F79EFBC}") = "PRM392_Backend.Infrastructure", "PRM392_Backend.Infrastructure\PRM392_Backend.Infrastructure.csproj", "{1EAF8875-C4BF-4742-BE96-5990797F3A29}"
EndProject
Global
	GlobalSection(SolutionConfigurationPlatforms) = preSolution
		Debug|Any CPU = Debug|Any CPU
		Release|Any CPU = Release|Any CPU
	EndGlobalSection
	GlobalSection(ProjectConfigurationPlatforms) = postSolution
		{61107F5A-E9BC-4D37-B9F5-EEBCEBC86BA5}.Debug|Any CPU.ActiveCfg = Debug|Any CPU
		{61107F5A-E9BC-4D37-B9F5-EEBCEBC86BA5}.Debug|Any CPU.Build.0 = Debug|Any CPU
		{61107F5A-E9BC-4D37-B9F5-EEBCEBC86BA5}.Release|Any CPU.ActiveCfg = Release|Any CPU
		{61107F5A-E9BC-4D37-B9F5-EEBCEBC86BA5}.Release|Any CPU.Build.0 = Release|Any CPU
		{4D472E55-B859-4157-89E5-03EEDB81AA9B}.Debug|Any CPU.ActiveCfg = Debug|Any CPU
		{4D472E55-B859-4157-89E5-03EEDB81AA9B}.Debug|Any CPU.Build.0 = Debug|Any CPU
		{4D472E55-B859-4157-89E5-03EEDB81AA9B}.Release|Any CPU.ActiveCfg = Release|Any CPU
		{4D472E55-B859-4157-89E5-03EEDB81AA9B}.Release|Any CPU.Build.0 = Release|Any CPU
		{4BF515FB-15FE-40ED-BE85-EED43A3E920B}.Debug|Any CPU.ActiveCfg = Debug|Any CPU
		{4BF515FB-15FE-40ED-BE85-EED43A3E920B}.Debug|Any CPU.Build.0 = Debug|Any CPU
		{4BF515FB-15FE-40ED-BE85-EED43A3E920B}.Release|Any CPU.ActiveCfg = Release|Any CPU
		{4BF515FB-15FE-40ED-BE85-EED43A3E920B}.Release|Any CPU.Build.0 = Release|Any CPU
		{1EAF8875-C4BF-4742-BE96-5990797F3A29}.Debug|Any CPU.ActiveCfg = Debug|Any CPU
		{1EAF8875-C4BF-4742-BE96-5990797F3A29}.Debug|Any CPU.Build.0 = Debug|Any CPU
		{1EAF8875-C4BF-4742-BE96-5990797F3A29}.Release|Any CPU.ActiveCfg = Release|Any CPU
		{1EAF8875-C4BF-4742-BE96-5990797F3A29}.Release|Any CPU.Build.0 = Release|Any CPU
	EndGlobalSection
	GlobalSection(SolutionProperties) = preSolution
		HideSolutionNode = FALSE
	EndGlobalSection
	GlobalSection(ExtensibilityGlobals) = postSolution
		SolutionGuid = {5ACB390A-E861-4CDB-9E68-6E5ED669A7CA}
	EndGlobalSection
EndGlobal
